
Microsoft Visual Studio Solution File, Format Version 12.00
# Visual Studio Version 16
VisualStudioVersion = 16.0.30225.117
MinimumVisualStudioVersion = 10.0.40219.1
Project("{FAE04EC0-301F-11D3-BF4B-00C04F79EFBC}") = "AdminLteProject", "AdminLteProject\AdminLteProject.csproj", "{6B991D8C-F3D2-48E4-BD71-3AAB00C63ACA}"
EndProject
Global
	GlobalSection(SolutionConfigurationPlatforms) = preSolution
		Debug|Any CPU = Debug|Any CPU
		Release|Any CPU = Release|Any CPU
	EndGlobalSection
	GlobalSection(ProjectConfigurationPlatforms) = postSolution
		{6B991D8C-F3D2-48E4-BD71-3AAB00C63ACA}.Debug|Any CPU.ActiveCfg = Debug|Any CPU
		{6B991D8C-F3D2-48E4-BD71-3AAB00C63ACA}.Debug|Any CPU.Build.0 = Debug|Any CPU
		{6B991D8C-F3D2-48E4-BD71-3AAB00C63ACA}.Release|Any CPU.ActiveCfg = Release|Any CPU
		{6B991D8C-F3D2-48E4-BD71-3AAB00C63ACA}.Release|Any CPU.Build.0 = Release|Any CPU
	EndGlobalSection
	GlobalSection(SolutionProperties) = preSolution
		HideSolutionNode = FALSE
	EndGlobalSection
	GlobalSection(ExtensibilityGlobals) = postSolution
		SolutionGuid = {AC5050B2-E12F-49A7-B2BE-059C5C670898}
	EndGlobalSection
EndGlobal
